{
  "name": "@tradeshift/elements.icon",
  "version": "0.5.0",
  "lockfileVersion": 1,
  "requires": true,
  "dependencies": {
    "@tradeshift/elements": {
      "version": "0.5.0",
      "requires": {
        "@open-wc/polyfills-loader": "^0.3.1"
      },
      "dependencies": {
        "@bundled-es-modules/url-polyfill": {
          "version": "1.1.4",
          "resolved": "https://registry.npmjs.org/@bundled-es-modules/url-polyfill/-/url-polyfill-1.1.4.tgz",
          "integrity": "sha512-sq6SN6XpHzBPE5B6Up5UFxCDr3iuREmBd8gXast9h3JUgA0tKxta6VxIA0dnkOpyT34VyIxDiIwWpsrp382cnw=="
        },
        "@open-wc/polyfills-loader": {
          "version": "0.3.3",
          "resolved": "https://registry.npmjs.org/@open-wc/polyfills-loader/-/polyfills-loader-0.3.3.tgz",
          "integrity": "sha512-Z49TmYe5rknFWLcoi0hlZ2tNfA7J/z/XX8fhtFzjxTG21gvvX96/Vn4yOVOIx5dZ3PfEgGQ41FHpPzsjdJDEVg==",
          "requires": {
            "@bundled-es-modules/url-polyfill": "^1.1.3",
            "@webcomponents/custom-elements": "^1.2.1",
            "@webcomponents/shadycss": "^1.8.0",
            "@webcomponents/shadydom": "^1.4.2",
            "@webcomponents/template": "^1.4.0",
            "@webcomponents/webcomponents-platform": "^1.0.0"
          }
        },
        "@webcomponents/custom-elements": {
          "version": "1.3.0",
          "resolved": "https://registry.npmjs.org/@webcomponents/custom-elements/-/custom-elements-1.3.0.tgz",
          "integrity": "sha512-Mj2g0ZlqHgV+HFFb4ErPbu64l3Bq//wTv/jOBcMBYM178zLF5YN77mBd9er8xLjekeqvI6FFUuQxwEsnbKL3CQ=="
        },
        "@webcomponents/shadycss": {
          "version": "1.9.2",
          "resolved": "https://registry.npmjs.org/@webcomponents/shadycss/-/shadycss-1.9.2.tgz",
          "integrity": "sha512-GsD7RpDVrVdgC6e+D8zQia8RGNmEGQ9/qotnVPQYPrIXhGS5xSt6ZED9YmuHz3HbLqY+E54tE1EK3tjLzSCGrw=="
        },
        "@webcomponents/shadydom": {
          "version": "1.6.1",
          "resolved": "https://registry.npmjs.org/@webcomponents/shadydom/-/shadydom-1.6.1.tgz",
          "integrity": "sha512-jajkrVafQ/QVWvTQNCO2QTPlZf4ut16T9V/wIn7WHt6q1V8FPIkAvnho+eYqwXb3DPxIxm2ngtO1XoFFQUtbQg=="
        },
        "@webcomponents/template": {
          "version": "1.4.1",
          "resolved": "https://registry.npmjs.org/@webcomponents/template/-/template-1.4.1.tgz",
          "integrity": "sha512-v7vwYZPKsAxczkWIjCOfCki9SpRdUcDjMZyweTGj3EPvVi+awQVHFPZ6X3jDW5nLSOs6Ls3h/AX8x8T+df2X0Q=="
        },
        "@webcomponents/webcomponents-platform": {
          "version": "1.0.1",
          "resolved": "https://registry.npmjs.org/@webcomponents/webcomponents-platform/-/webcomponents-platform-1.0.1.tgz",
          "integrity": "sha512-7Ua2c3FvqAuiC2++gIoStG9r0B5sxleq8B7o0XKuIM052amWPTaCka0UMvnQRRJEsdGgRGIUv6sLkOyfhcr1dw=="
        }
      }
    }
  }
}
