{
  "name": "@tradeshift/elements.button-group",
  "version": "0.1.0",
  "lockfileVersion": 1,
  "requires": true,
  "dependencies": {
    "@tradeshift/elements": {
      "version": "file:../../core"
    },
    "@tradeshift/elements.button": {
      "version": "file:../button",
      "requires": {
        "@tradeshift/elements": "file:../../core"
      },
      "dependencies": {
        "@tradeshift/elements": {
          "version": "0.1.0",
          "bundled": true
        }
      }
    }
  }
}
